// !$*UTF8*$!
{
	archiveVersion = 1;
	classes = {
	};
	objectVersion = 50;
	objects = {

/* Begin PBXBuildFile section */
		69118202224C65CE0040BEA0 /* UserModel.m in Sources */ = {isa = PBXBuildFile; fileRef = 69118201224C65CE0040BEA0 /* UserModel.m */; };
		6911D009224D9FE600A8FBD1 /* NotificationController.m in Sources */ = {isa = PBXBuildFile; fileRef = 6911D008224D9FE600A8FBD1 /* NotificationController.m */; };
		6911D00C224DA52500A8FBD1 /* ReTestView.m in Sources */ = {isa = PBXBuildFile; fileRef = 6911D00B224DA52500A8FBD1 /* ReTestView.m */; };
		6911D00F224DBFE700A8FBD1 /* RankView.m in Sources */ = {isa = PBXBuildFile; fileRef = 6911D00E224DBFE700A8FBD1 /* RankView.m */; };
		6911D012224DC2F200A8FBD1 /* PersonView.m in Sources */ = {isa = PBXBuildFile; fileRef = 6911D011224DC2F200A8FBD1 /* PersonView.m */; };
		6915DBE4224BC0C600FD6738 /* AppDelegate.m in Sources */ = {isa = PBXBuildFile; fileRef = 6915DBE3224BC0C600FD6738 /* AppDelegate.m */; };
		6915DBE7224BC0C600FD6738 /* ViewController.m in Sources */ = {isa = PBXBuildFile; fileRef = 6915DBE6224BC0C600FD6738 /* ViewController.m */; };
		6915DBEA224BC0C600FD6738 /* Main.storyboard in Resources */ = {isa = PBXBuildFile; fileRef = 6915DBE8224BC0C600FD6738 /* Main.storyboard */; };
		6915DBEC224BC0D400FD6738 /* Assets.xcassets in Resources */ = {isa = PBXBuildFile; fileRef = 6915DBEB224BC0D400FD6738 /* Assets.xcassets */; };
		6915DBEF224BC0D400FD6738 /* LaunchScreen.storyboard in Resources */ = {isa = PBXBuildFile; fileRef = 6915DBED224BC0D400FD6738 /* LaunchScreen.storyboard */; };
		6915DBF2224BC0D400FD6738 /* main.m in Sources */ = {isa = PBXBuildFile; fileRef = 6915DBF1224BC0D400FD6738 /* main.m */; };
		6915DBFC224BC0D400FD6738 /* PhysicalTestTests.m in Sources */ = {isa = PBXBuildFile; fileRef = 6915DBFB224BC0D400FD6738 /* PhysicalTestTests.m */; };
		6915DC07224BC0D400FD6738 /* PhysicalTestUITests.m in Sources */ = {isa = PBXBuildFile; fileRef = 6915DC06224BC0D400FD6738 /* PhysicalTestUITests.m */; };
		6915DC16224BC14F00FD6738 /* ToolObjc.m in Sources */ = {isa = PBXBuildFile; fileRef = 6915DC15224BC14F00FD6738 /* ToolObjc.m */; };
		6915DC1D224BC3E100FD6738 /* MainViewController.m in Sources */ = {isa = PBXBuildFile; fileRef = 6915DC1C224BC3E100FD6738 /* MainViewController.m */; };
		6915DC20224BC40B00FD6738 /* SubmitView.m in Sources */ = {isa = PBXBuildFile; fileRef = 6915DC1F224BC40B00FD6738 /* SubmitView.m */; };
		6915DC23224BC42000FD6738 /* MeView.m in Sources */ = {isa = PBXBuildFile; fileRef = 6915DC22224BC42000FD6738 /* MeView.m */; };
		69240688224C73B400DC34D4 /* SingleObj.m in Sources */ = {isa = PBXBuildFile; fileRef = 69240687224C73B400DC34D4 /* SingleObj.m */; };
		6924068B224C7B7600DC34D4 /* DetailView.m in Sources */ = {isa = PBXBuildFile; fileRef = 6924068A224C7B7600DC34D4 /* DetailView.m */; };
		69240690224C9CDB00DC34D4 /* SubmitTableViewCell.m in Sources */ = {isa = PBXBuildFile; fileRef = 6924068F224C9CDB00DC34D4 /* SubmitTableViewCell.m */; };
		69240695224CAA4D00DC34D4 /* AboutUsView.m in Sources */ = {isa = PBXBuildFile; fileRef = 69240694224CAA4D00DC34D4 /* AboutUsView.m */; };
		69240698224CB7FA00DC34D4 /* NetworkTool.m in Sources */ = {isa = PBXBuildFile; fileRef = 69240697224CB7FA00DC34D4 /* NetworkTool.m */; };
		6924069B224CF94800DC34D4 /* ChangeView.m in Sources */ = {isa = PBXBuildFile; fileRef = 6924069A224CF94800DC34D4 /* ChangeView.m */; };
		ABC8BF8F121C6BEE6AF55148 /* libPods-PhysicalTest.a in Frameworks */ = {isa = PBXBuildFile; fileRef = 5742181B7888D0C8948F39D6 /* libPods-PhysicalTest.a */; };
/* End PBXBuildFile section */

/* Begin PBXContainerItemProxy section */
		6915DBF8224BC0D400FD6738 /* PBXContainerItemProxy */ = {
			isa = PBXContainerItemProxy;
			containerPortal = 6915DBD7224BC0C600FD6738 /* Project object */;
			proxyType = 1;
			remoteGlobalIDString = 6915DBDE224BC0C600FD6738;
			remoteInfo = PhysicalTest;
		};
		6915DC03224BC0D400FD6738 /* PBXContainerItemProxy */ = {
			isa = PBXContainerItemProxy;
			containerPortal = 6915DBD7224BC0C600FD6738 /* Project object */;
			proxyType = 1;
			remoteGlobalIDString = 6915DBDE224BC0C600FD6738;
			remoteInfo = PhysicalTest;
		};
/* End PBXContainerItemProxy section */

/* Begin PBXFileReference section */
		2B423C479828EE9CCD473388 /* Pods-PhysicalTest.release.xcconfig */ = {isa = PBXFileReference; includeInIndex = 1; lastKnownFileType = text.xcconfig; name = "Pods-PhysicalTest.release.xcconfig"; path = "Pods/Target Support Files/Pods-PhysicalTest/Pods-PhysicalTest.release.xcconfig"; sourceTree = "<group>"; };
		5742181B7888D0C8948F39D6 /* libPods-PhysicalTest.a */ = {isa = PBXFileReference; explicitFileType = archive.ar; includeInIndex = 0; path = "libPods-PhysicalTest.a"; sourceTree = BUILT_PRODUCTS_DIR; };
		69118200224C65CE0040BEA0 /* UserModel.h */ = {isa = PBXFileReference; lastKnownFileType = sourcecode.c.h; path = UserModel.h; sourceTree = "<group>"; };
		69118201224C65CE0040BEA0 /* UserModel.m */ = {isa = PBXFileReference; lastKnownFileType = sourcecode.c.objc; path = UserModel.m; sourceTree = "<group>"; };
		6911D007224D9FE600A8FBD1 /* NotificationController.h */ = {isa = PBXFileReference; lastKnownFileType = sourcecode.c.h; path = NotificationController.h; sourceTree = "<group>"; };
		6911D008224D9FE600A8FBD1 /* NotificationController.m */ = {isa = PBXFileReference; lastKnownFileType = sourcecode.c.objc; path = NotificationController.m; sourceTree = "<group>"; };
		6911D00A224DA52500A8FBD1 /* ReTestView.h */ = {isa = PBXFileReference; lastKnownFileType = sourcecode.c.h; path = ReTestView.h; sourceTree = "<group>"; };
		6911D00B224DA52500A8FBD1 /* ReTestView.m */ = {isa = PBXFileReference; lastKnownFileType = sourcecode.c.objc; path = ReTestView.m; sourceTree = "<group>"; };
		6911D00D224DBFE700A8FBD1 /* RankView.h */ = {isa = PBXFileReference; lastKnownFileType = sourcecode.c.h; path = RankView.h; sourceTree = "<group>"; };
		6911D00E224DBFE700A8FBD1 /* RankView.m */ = {isa = PBXFileReference; lastKnownFileType = sourcecode.c.objc; path = RankView.m; sourceTree = "<group>"; };
		6911D010224DC2F200A8FBD1 /* PersonView.h */ = {isa = PBXFileReference; lastKnownFileType = sourcecode.c.h; path = PersonView.h; sourceTree = "<group>"; };
		6911D011224DC2F200A8FBD1 /* PersonView.m */ = {isa = PBXFileReference; lastKnownFileType = sourcecode.c.objc; path = PersonView.m; sourceTree = "<group>"; };
		6915DBDF224BC0C600FD6738 /* PhysicalTest.app */ = {isa = PBXFileReference; explicitFileType = wrapper.application; includeInIndex = 0; path = PhysicalTest.app; sourceTree = BUILT_PRODUCTS_DIR; };
		6915DBE2224BC0C600FD6738 /* AppDelegate.h */ = {isa = PBXFileReference; lastKnownFileType = sourcecode.c.h; path = AppDelegate.h; sourceTree = "<group>"; };
		6915DBE3224BC0C600FD6738 /* AppDelegate.m */ = {isa = PBXFileReference; lastKnownFileType = sourcecode.c.objc; path = AppDelegate.m; sourceTree = "<group>"; };
		6915DBE5224BC0C600FD6738 /* ViewController.h */ = {isa = PBXFileReference; lastKnownFileType = sourcecode.c.h; path = ViewController.h; sourceTree = "<group>"; };
		6915DBE6224BC0C600FD6738 /* ViewController.m */ = {isa = PBXFileReference; lastKnownFileType = sourcecode.c.objc; path = ViewController.m; sourceTree = "<group>"; };
		6915DBE9224BC0C600FD6738 /* Base */ = {isa = PBXFileReference; lastKnownFileType = file.storyboard; name = Base; path = Base.lproj/Main.storyboard; sourceTree = "<group>"; };
		6915DBEB224BC0D400FD6738 /* Assets.xcassets */ = {isa = PBXFileReference; lastKnownFileType = folder.assetcatalog; path = Assets.xcassets; sourceTree = "<group>"; };
		6915DBEE224BC0D400FD6738 /* Base */ = {isa = PBXFileReference; lastKnownFileType = file.storyboard; name = Base; path = Base.lproj/LaunchScreen.storyboard; sourceTree = "<group>"; };
		6915DBF0224BC0D400FD6738 /* Info.plist */ = {isa = PBXFileReference; lastKnownFileType = text.plist.xml; path = Info.plist; sourceTree = "<group>"; };
		6915DBF1224BC0D400FD6738 /* main.m */ = {isa = PBXFileReference; lastKnownFileType = sourcecode.c.objc; path = main.m; sourceTree = "<group>"; };
		6915DBF7224BC0D400FD6738 /* PhysicalTestTests.xctest */ = {isa = PBXFileReference; explicitFileType = wrapper.cfbundle; includeInIndex = 0; path = PhysicalTestTests.xctest; sourceTree = BUILT_PRODUCTS_DIR; };
		6915DBFB224BC0D400FD6738 /* PhysicalTestTests.m */ = {isa = PBXFileReference; lastKnownFileType = sourcecode.c.objc; path = PhysicalTestTests.m; sourceTree = "<group>"; };
		6915DBFD224BC0D400FD6738 /* Info.plist */ = {isa = PBXFileReference; lastKnownFileType = text.plist.xml; path = Info.plist; sourceTree = "<group>"; };
		6915DC02224BC0D400FD6738 /* PhysicalTestUITests.xctest */ = {isa = PBXFileReference; explicitFileType = wrapper.cfbundle; includeInIndex = 0; path = PhysicalTestUITests.xctest; sourceTree = BUILT_PRODUCTS_DIR; };
		6915DC06224BC0D400FD6738 /* PhysicalTestUITests.m */ = {isa = PBXFileReference; lastKnownFileType = sourcecode.c.objc; path = PhysicalTestUITests.m; sourceTree = "<group>"; };
		6915DC08224BC0D400FD6738 /* Info.plist */ = {isa = PBXFileReference; lastKnownFileType = text.plist.xml; path = Info.plist; sourceTree = "<group>"; };
		6915DC14224BC14F00FD6738 /* ToolObjc.h */ = {isa = PBXFileReference; lastKnownFileType = sourcecode.c.h; path = ToolObjc.h; sourceTree = "<group>"; };
		6915DC15224BC14F00FD6738 /* ToolObjc.m */ = {isa = PBXFileReference; lastKnownFileType = sourcecode.c.objc; path = ToolObjc.m; sourceTree = "<group>"; };
		6915DC1B224BC3E100FD6738 /* MainViewController.h */ = {isa = PBXFileReference; lastKnownFileType = sourcecode.c.h; path = MainViewController.h; sourceTree = "<group>"; };
		6915DC1C224BC3E100FD6738 /* MainViewController.m */ = {isa = PBXFileReference; lastKnownFileType = sourcecode.c.objc; path = MainViewController.m; sourceTree = "<group>"; };
		6915DC1E224BC40B00FD6738 /* SubmitView.h */ = {isa = PBXFileReference; lastKnownFileType = sourcecode.c.h; path = SubmitView.h; sourceTree = "<group>"; };
		6915DC1F224BC40B00FD6738 /* SubmitView.m */ = {isa = PBXFileReference; lastKnownFileType = sourcecode.c.objc; path = SubmitView.m; sourceTree = "<group>"; };
		6915DC21224BC42000FD6738 /* MeView.h */ = {isa = PBXFileReference; lastKnownFileType = sourcecode.c.h; path = MeView.h; sourceTree = "<group>"; };
		6915DC22224BC42000FD6738 /* MeView.m */ = {isa = PBXFileReference; lastKnownFileType = sourcecode.c.objc; path = MeView.m; sourceTree = "<group>"; };
		69240686224C73B400DC34D4 /* SingleObj.h */ = {isa = PBXFileReference; lastKnownFileType = sourcecode.c.h; path = SingleObj.h; sourceTree = "<group>"; };
		69240687224C73B400DC34D4 /* SingleObj.m */ = {isa = PBXFileReference; lastKnownFileType = sourcecode.c.objc; path = SingleObj.m; sourceTree = "<group>"; };
		69240689224C7B7600DC34D4 /* DetailView.h */ = {isa = PBXFileReference; lastKnownFileType = sourcecode.c.h; path = DetailView.h; sourceTree = "<group>"; };
		6924068A224C7B7600DC34D4 /* DetailView.m */ = {isa = PBXFileReference; lastKnownFileType = sourcecode.c.objc; path = DetailView.m; sourceTree = "<group>"; };
		6924068E224C9CDB00DC34D4 /* SubmitTableViewCell.h */ = {isa = PBXFileReference; lastKnownFileType = sourcecode.c.h; path = SubmitTableViewCell.h; sourceTree = "<group>"; };
		6924068F224C9CDB00DC34D4 /* SubmitTableViewCell.m */ = {isa = PBXFileReference; lastKnownFileType = sourcecode.c.objc; path = SubmitTableViewCell.m; sourceTree = "<group>"; };
		69240693224CAA4D00DC34D4 /* AboutUsView.h */ = {isa = PBXFileReference; lastKnownFileType = sourcecode.c.h; path = AboutUsView.h; sourceTree = "<group>"; };
		69240694224CAA4D00DC34D4 /* AboutUsView.m */ = {isa = PBXFileReference; lastKnownFileType = sourcecode.c.objc; path = AboutUsView.m; sourceTree = "<group>"; };
		69240696224CB7FA00DC34D4 /* NetworkTool.h */ = {isa = PBXFileReference; lastKnownFileType = sourcecode.c.h; path = NetworkTool.h; sourceTree = "<group>"; };
		69240697224CB7FA00DC34D4 /* NetworkTool.m */ = {isa = PBXFileReference; lastKnownFileType = sourcecode.c.objc; path = NetworkTool.m; sourceTree = "<group>"; };
		69240699224CF94700DC34D4 /* ChangeView.h */ = {isa = PBXFileReference; lastKnownFileType = sourcecode.c.h; path = ChangeView.h; sourceTree = "<group>"; };
		6924069A224CF94800DC34D4 /* ChangeView.m */ = {isa = PBXFileReference; lastKnownFileType = sourcecode.c.objc; path = ChangeView.m; sourceTree = "<group>"; };
		EFC09546955FE5BDCCA73781 /* Pods-PhysicalTest.debug.xcconfig */ = {isa = PBXFileReference; includeInIndex = 1; lastKnownFileType = text.xcconfig; name = "Pods-PhysicalTest.debug.xcconfig"; path = "Pods/Target Support Files/Pods-PhysicalTest/Pods-PhysicalTest.debug.xcconfig"; sourceTree = "<group>"; };
/* End PBXFileReference section */

/* Begin PBXFrameworksBuildPhase section */
		6915DBDC224BC0C600FD6738 /* Frameworks */ = {
			isa = PBXFrameworksBuildPhase;
			buildActionMask = 2147483647;
			files = (
				ABC8BF8F121C6BEE6AF55148 /* libPods-PhysicalTest.a in Frameworks */,
			);
			runOnlyForDeploymentPostprocessing = 0;
		};
		6915DBF4224BC0D400FD6738 /* Frameworks */ = {
			isa = PBXFrameworksBuildPhase;
			buildActionMask = 2147483647;
			files = (
			);
			runOnlyForDeploymentPostprocessing = 0;
		};
		6915DBFF224BC0D400FD6738 /* Frameworks */ = {
			isa = PBXFrameworksBuildPhase;
			buildActionMask = 2147483647;
			files = (
			);
			runOnlyForDeploymentPostprocessing = 0;
		};
/* End PBXFrameworksBuildPhase section */

/* Begin PBXGroup section */
		691181FD224C657B0040BEA0 /* Controller */ = {
			isa = PBXGroup;
			children = (
				6915DC1B224BC3E100FD6738 /* MainViewController.h */,
				6915DC1C224BC3E100FD6738 /* MainViewController.m */,
				6911D00D224DBFE700A8FBD1 /* RankView.h */,
				6911D00E224DBFE700A8FBD1 /* RankView.m */,
				6911D010224DC2F200A8FBD1 /* PersonView.h */,
				6911D011224DC2F200A8FBD1 /* PersonView.m */,
				6911D007224D9FE600A8FBD1 /* NotificationController.h */,
				6911D008224D9FE600A8FBD1 /* NotificationController.m */,
				6911D00A224DA52500A8FBD1 /* ReTestView.h */,
				6911D00B224DA52500A8FBD1 /* ReTestView.m */,
				69240689224C7B7600DC34D4 /* DetailView.h */,
				6924068A224C7B7600DC34D4 /* DetailView.m */,
			);
			path = Controller;
			sourceTree = "<group>";
		};
		691181FE224C65940040BEA0 /* Model */ = {
			isa = PBXGroup;
			children = (
				69118200224C65CE0040BEA0 /* UserModel.h */,
				69118201224C65CE0040BEA0 /* UserModel.m */,
			);
			path = Model;
			sourceTree = "<group>";
		};
		6915DBD6224BC0C600FD6738 = {
			isa = PBXGroup;
			children = (
				6915DBE1224BC0C600FD6738 /* PhysicalTest */,
				6915DBFA224BC0D400FD6738 /* PhysicalTestTests */,
				6915DC05224BC0D400FD6738 /* PhysicalTestUITests */,
				6915DBE0224BC0C600FD6738 /* Products */,
				F9BF394793479D70130E57BC /* Pods */,
				93DCD8A8C8CCB88DAAA73469 /* Frameworks */,
			);
			sourceTree = "<group>";
		};
		6915DBE0224BC0C600FD6738 /* Products */ = {
			isa = PBXGroup;
			children = (
				6915DBDF224BC0C600FD6738 /* PhysicalTest.app */,
				6915DBF7224BC0D400FD6738 /* PhysicalTestTests.xctest */,
				6915DC02224BC0D400FD6738 /* PhysicalTestUITests.xctest */,
			);
			name = Products;
			sourceTree = "<group>";
		};
		6915DBE1224BC0C600FD6738 /* PhysicalTest */ = {
			isa = PBXGroup;
			children = (
				6915DBE2224BC0C600FD6738 /* AppDelegate.h */,
				6915DBE3224BC0C600FD6738 /* AppDelegate.m */,
				6915DC17224BC1B100FD6738 /* Common Tool */,
				6915DBE5224BC0C600FD6738 /* ViewController.h */,
				6915DBE6224BC0C600FD6738 /* ViewController.m */,
				6915DC18224BC37100FD6738 /* Main Tab One */,
				6915DC19224BC38A00FD6738 /* Secone Tab */,
				6915DC1A224BC3AC00FD6738 /* Me Tab */,
				6915DBE8224BC0C600FD6738 /* Main.storyboard */,
				6915DBEB224BC0D400FD6738 /* Assets.xcassets */,
				6915DBED224BC0D400FD6738 /* LaunchScreen.storyboard */,
				6915DBF0224BC0D400FD6738 /* Info.plist */,
				6915DBF1224BC0D400FD6738 /* main.m */,
			);
			path = PhysicalTest;
			sourceTree = "<group>";
		};
		6915DBFA224BC0D400FD6738 /* PhysicalTestTests */ = {
			isa = PBXGroup;
			children = (
				6915DBFB224BC0D400FD6738 /* PhysicalTestTests.m */,
				6915DBFD224BC0D400FD6738 /* Info.plist */,
			);
			path = PhysicalTestTests;
			sourceTree = "<group>";
		};
		6915DC05224BC0D400FD6738 /* PhysicalTestUITests */ = {
			isa = PBXGroup;
			children = (
				6915DC06224BC0D400FD6738 /* PhysicalTestUITests.m */,
				6915DC08224BC0D400FD6738 /* Info.plist */,
			);
			path = PhysicalTestUITests;
			sourceTree = "<group>";
		};
		6915DC17224BC1B100FD6738 /* Common Tool */ = {
			isa = PBXGroup;
			children = (
				691181FE224C65940040BEA0 /* Model */,
				6915DC14224BC14F00FD6738 /* ToolObjc.h */,
				6915DC15224BC14F00FD6738 /* ToolObjc.m */,
				69240696224CB7FA00DC34D4 /* NetworkTool.h */,
				69240697224CB7FA00DC34D4 /* NetworkTool.m */,
				69240686224C73B400DC34D4 /* SingleObj.h */,
				69240687224C73B400DC34D4 /* SingleObj.m */,
			);
			path = "Common Tool";
			sourceTree = "<group>";
		};
		6915DC18224BC37100FD6738 /* Main Tab One */ = {
			isa = PBXGroup;
			children = (
				691181FD224C657B0040BEA0 /* Controller */,
			);
			path = "Main Tab One";
			sourceTree = "<group>";
		};
		6915DC19224BC38A00FD6738 /* Secone Tab */ = {
			isa = PBXGroup;
			children = (
				6924068C224C9C9F00DC34D4 /* Controller */,
				6924068D224C9CAD00DC34D4 /* View */,
			);
			path = "Secone Tab";
			sourceTree = "<group>";
		};
		6915DC1A224BC3AC00FD6738 /* Me Tab */ = {
			isa = PBXGroup;
			children = (
				69240691224CAA1900DC34D4 /* Controller */,
			);
			path = "Me Tab";
			sourceTree = "<group>";
		};
		6924068C224C9C9F00DC34D4 /* Controller */ = {
			isa = PBXGroup;
			children = (
				6915DC1E224BC40B00FD6738 /* SubmitView.h */,
				6915DC1F224BC40B00FD6738 /* SubmitView.m */,
			);
			path = Controller;
			sourceTree = "<group>";
		};
		6924068D224C9CAD00DC34D4 /* View */ = {
			isa = PBXGroup;
			children = (
				6924068E224C9CDB00DC34D4 /* SubmitTableViewCell.h */,
				6924068F224C9CDB00DC34D4 /* SubmitTableViewCell.m */,
			);
			path = View;
			sourceTree = "<group>";
		};
		69240691224CAA1900DC34D4 /* Controller */ = {
			isa = PBXGroup;
			children = (
				6915DC21224BC42000FD6738 /* MeView.h */,
				6915DC22224BC42000FD6738 /* MeView.m */,
				69240693224CAA4D00DC34D4 /* AboutUsView.h */,
				69240694224CAA4D00DC34D4 /* AboutUsView.m */,
				69240699224CF94700DC34D4 /* ChangeView.h */,
				6924069A224CF94800DC34D4 /* ChangeView.m */,
			);
			path = Controller;
			sourceTree = "<group>";
		};
		93DCD8A8C8CCB88DAAA73469 /* Frameworks */ = {
			isa = PBXGroup;
			children = (
				5742181B7888D0C8948F39D6 /* libPods-PhysicalTest.a */,
			);
			name = Frameworks;
			sourceTree = "<group>";
		};
		F9BF394793479D70130E57BC /* Pods */ = {
			isa = PBXGroup;
			children = (
				EFC09546955FE5BDCCA73781 /* Pods-PhysicalTest.debug.xcconfig */,
				2B423C479828EE9CCD473388 /* Pods-PhysicalTest.release.xcconfig */,
			);
			name = Pods;
			sourceTree = "<group>";
		};
/* End PBXGroup section */

/* Begin PBXNativeTarget section */
		6915DBDE224BC0C600FD6738 /* PhysicalTest */ = {
			isa = PBXNativeTarget;
			buildConfigurationList = 6915DC0B224BC0D400FD6738 /* Build configuration list for PBXNativeTarget "PhysicalTest" */;
			buildPhases = (
				F20CC9BEDF2AA032DA6C529B /* [CP] Check Pods Manifest.lock */,
				6915DBDB224BC0C600FD6738 /* Sources */,
				6915DBDC224BC0C600FD6738 /* Frameworks */,
				6915DBDD224BC0C600FD6738 /* Resources */,
				895D6A59A0AF569361D54FD9 /* [CP] Copy Pods Resources */,
			);
			buildRules = (
			);
			dependencies = (
			);
			name = PhysicalTest;
			productName = PhysicalTest;
			productReference = 6915DBDF224BC0C600FD6738 /* PhysicalTest.app */;
			productType = "com.apple.product-type.application";
		};
		6915DBF6224BC0D400FD6738 /* PhysicalTestTests */ = {
			isa = PBXNativeTarget;
			buildConfigurationList = 6915DC0E224BC0D400FD6738 /* Build configuration list for PBXNativeTarget "PhysicalTestTests" */;
			buildPhases = (
				6915DBF3224BC0D400FD6738 /* Sources */,
				6915DBF4224BC0D400FD6738 /* Frameworks */,
				6915DBF5224BC0D400FD6738 /* Resources */,
			);
			buildRules = (
			);
			dependencies = (
				6915DBF9224BC0D400FD6738 /* PBXTargetDependency */,
			);
			name = PhysicalTestTests;
			productName = PhysicalTestTests;
			productReference = 6915DBF7224BC0D400FD6738 /* PhysicalTestTests.xctest */;
			productType = "com.apple.product-type.bundle.unit-test";
		};
		6915DC01224BC0D400FD6738 /* PhysicalTestUITests */ = {
			isa = PBXNativeTarget;
			buildConfigurationList = 6915DC11224BC0D400FD6738 /* Build configuration list for PBXNativeTarget "PhysicalTestUITests" */;
			buildPhases = (
				6915DBFE224BC0D400FD6738 /* Sources */,
				6915DBFF224BC0D400FD6738 /* Frameworks */,
				6915DC00224BC0D400FD6738 /* Resources */,
			);
			buildRules = (
			);
			dependencies = (
				6915DC04224BC0D400FD6738 /* PBXTargetDependency */,
			);
			name = PhysicalTestUITests;
			productName = PhysicalTestUITests;
			productReference = 6915DC02224BC0D400FD6738 /* PhysicalTestUITests.xctest */;
			productType = "com.apple.product-type.bundle.ui-testing";
		};
/* End PBXNativeTarget section */

/* Begin PBXProject section */
		6915DBD7224BC0C600FD6738 /* Project object */ = {
			isa = PBXProject;
			attributes = {
				LastUpgradeCheck = 1010;
				ORGANIZATIONNAME = jay;
				TargetAttributes = {
					6915DBDE224BC0C600FD6738 = {
						CreatedOnToolsVersion = 10.1;
					};
					6915DBF6224BC0D400FD6738 = {
						CreatedOnToolsVersion = 10.1;
						TestTargetID = 6915DBDE224BC0C600FD6738;
					};
					6915DC01224BC0D400FD6738 = {
						CreatedOnToolsVersion = 10.1;
						TestTargetID = 6915DBDE224BC0C600FD6738;
					};
				};
			};
			buildConfigurationList = 6915DBDA224BC0C600FD6738 /* Build configuration list for PBXProject "PhysicalTest" */;
			compatibilityVersion = "Xcode 9.3";
			developmentRegion = en;
			hasScannedForEncodings = 0;
			knownRegions = (
				en,
				Base,
			);
			mainGroup = 6915DBD6224BC0C600FD6738;
			productRefGroup = 6915DBE0224BC0C600FD6738 /* Products */;
			projectDirPath = "";
			projectRoot = "";
			targets = (
				6915DBDE224BC0C600FD6738 /* PhysicalTest */,
				6915DBF6224BC0D400FD6738 /* PhysicalTestTests */,
				6915DC01224BC0D400FD6738 /* PhysicalTestUITests */,
			);
		};
/* End PBXProject section */

/* Begin PBXResourcesBuildPhase section */
		6915DBDD224BC0C600FD6738 /* Resources */ = {
			isa = PBXResourcesBuildPhase;
			buildActionMask = 2147483647;
			files = (
				6915DBEF224BC0D400FD6738 /* LaunchScreen.storyboard in Resources */,
				6915DBEC224BC0D400FD6738 /* Assets.xcassets in Resources */,
				6915DBEA224BC0C600FD6738 /* Main.storyboard in Resources */,
			);
			runOnlyForDeploymentPostprocessing = 0;
		};
		6915DBF5224BC0D400FD6738 /* Resources */ = {
			isa = PBXResourcesBuildPhase;
			buildActionMask = 2147483647;
			files = (
			);
			runOnlyForDeploymentPostprocessing = 0;
		};
		6915DC00224BC0D400FD6738 /* Resources */ = {
			isa = PBXResourcesBuildPhase;
			buildActionMask = 2147483647;
			files = (
			);
			runOnlyForDeploymentPostprocessing = 0;
		};
/* End PBXResourcesBuildPhase section */

/* Begin PBXShellScriptBuildPhase section */
		895D6A59A0AF569361D54FD9 /* [CP] Copy Pods Resources */ = {
			isa = PBXShellScriptBuildPhase;
			buildActionMask = 2147483647;
			files = (
			);
			inputFileListPaths = (
			);
			inputPaths = (
				"${SRCROOT}/Pods/Target Support Files/Pods-PhysicalTest/Pods-PhysicalTest-resources.sh",
				"${PODS_ROOT}/HMQRCodeScanner/HMQRCodeScanner/QRCode/HMScanner.bundle",
				"${PODS_ROOT}/IQKeyboardManager/IQKeyboardManager/Resources/IQKeyboardManager.bundle",
			);
			name = "[CP] Copy Pods Resources";
			outputFileListPaths = (
			);
			outputPaths = (
				"${TARGET_BUILD_DIR}/${UNLOCALIZED_RESOURCES_FOLDER_PATH}/HMScanner.bundle",
				"${TARGET_BUILD_DIR}/${UNLOCALIZED_RESOURCES_FOLDER_PATH}/IQKeyboardManager.bundle",
			);
			runOnlyForDeploymentPostprocessing = 0;
			shellPath = /bin/sh;
			shellScript = "\"${SRCROOT}/Pods/Target Support Files/Pods-PhysicalTest/Pods-PhysicalTest-resources.sh\"\n";
			showEnvVarsInLog = 0;
		};
		F20CC9BEDF2AA032DA6C529B /* [CP] Check Pods Manifest.lock */ = {
			isa = PBXShellScriptBuildPhase;
			buildActionMask = 2147483647;
			files = (
			);
			inputFileListPaths = (
			);
			inputPaths = (
				"${PODS_PODFILE_DIR_PATH}/Podfile.lock",
				"${PODS_ROOT}/Manifest.lock",
			);
			name = "[CP] Check Pods Manifest.lock";
			outputFileListPaths = (
			);
			outputPaths = (
				"$(DERIVED_FILE_DIR)/Pods-PhysicalTest-checkManifestLockResult.txt",
			);
			runOnlyForDeploymentPostprocessing = 0;
			shellPath = /bin/sh;
			shellScript = "diff \"${PODS_PODFILE_DIR_PATH}/Podfile.lock\" \"${PODS_ROOT}/Manifest.lock\" > /dev/null\nif [ $? != 0 ] ; then\n    # print error to STDERR\n    echo \"error: The sandbox is not in sync with the Podfile.lock. Run 'pod install' or update your CocoaPods installation.\" >&2\n    exit 1\nfi\n# This output is used by Xcode 'outputs' to avoid re-running this script phase.\necho \"SUCCESS\" > \"${SCRIPT_OUTPUT_FILE_0}\"\n";
			showEnvVarsInLog = 0;
		};
/* End PBXShellScriptBuildPhase section */

/* Begin PBXSourcesBuildPhase section */
		6915DBDB224BC0C600FD6738 /* Sources */ = {
			isa = PBXSourcesBuildPhase;
			buildActionMask = 2147483647;
			files = (
				69240688224C73B400DC34D4 /* SingleObj.m in Sources */,
				6915DC20224BC40B00FD6738 /* SubmitView.m in Sources */,
				6915DC23224BC42000FD6738 /* MeView.m in Sources */,
				6915DBE7224BC0C600FD6738 /* ViewController.m in Sources */,
				69240698224CB7FA00DC34D4 /* NetworkTool.m in Sources */,
				6911D009224D9FE600A8FBD1 /* NotificationController.m in Sources */,
				6911D00F224DBFE700A8FBD1 /* RankView.m in Sources */,
				6915DC16224BC14F00FD6738 /* ToolObjc.m in Sources */,
				6915DBF2224BC0D400FD6738 /* main.m in Sources */,
				69240695224CAA4D00DC34D4 /* AboutUsView.m in Sources */,
				6911D00C224DA52500A8FBD1 /* ReTestView.m in Sources */,
				6915DC1D224BC3E100FD6738 /* MainViewController.m in Sources */,
				6924068B224C7B7600DC34D4 /* DetailView.m in Sources */,
				6924069B224CF94800DC34D4 /* ChangeView.m in Sources */,
				69118202224C65CE0040BEA0 /* UserModel.m in Sources */,
				6911D012224DC2F200A8FBD1 /* PersonView.m in Sources */,
				69240690224C9CDB00DC34D4 /* SubmitTableViewCell.m in Sources */,
				6915DBE4224BC0C600FD6738 /* AppDelegate.m in Sources */,
			);
			runOnlyForDeploymentPostprocessing = 0;
		};
		6915DBF3224BC0D400FD6738 /* Sources */ = {
			isa = PBXSourcesBuildPhase;
			buildActionMask = 2147483647;
			files = (
				6915DBFC224BC0D400FD6738 /* PhysicalTestTests.m in Sources */,
			);
			runOnlyForDeploymentPostprocessing = 0;
		};
		6915DBFE224BC0D400FD6738 /* Sources */ = {
			isa = PBXSourcesBuildPhase;
			buildActionMask = 2147483647;
			files = (
				6915DC07224BC0D400FD6738 /* PhysicalTestUITests.m in Sources */,
			);
			runOnlyForDeploymentPostprocessing = 0;
		};
/* End PBXSourcesBuildPhase section */

/* Begin PBXTargetDependency section */
		6915DBF9224BC0D400FD6738 /* PBXTargetDependency */ = {
			isa = PBXTargetDependency;
			target = 6915DBDE224BC0C600FD6738 /* PhysicalTest */;
			targetProxy = 6915DBF8224BC0D400FD6738 /* PBXContainerItemProxy */;
		};
		6915DC04224BC0D400FD6738 /* PBXTargetDependency */ = {
			isa = PBXTargetDependency;
			target = 6915DBDE224BC0C600FD6738 /* PhysicalTest */;
			targetProxy = 6915DC03224BC0D400FD6738 /* PBXContainerItemProxy */;
		};
/* End PBXTargetDependency section */

/* Begin PBXVariantGroup section */
		6915DBE8224BC0C600FD6738 /* Main.storyboard */ = {
			isa = PBXVariantGroup;
			children = (
				6915DBE9224BC0C600FD6738 /* Base */,
			);
			name = Main.storyboard;
			sourceTree = "<group>";
		};
		6915DBED224BC0D400FD6738 /* LaunchScreen.storyboard */ = {
			isa = PBXVariantGroup;
			children = (
				6915DBEE224BC0D400FD6738 /* Base */,
			);
			name = LaunchScreen.storyboard;
			sourceTree = "<group>";
		};
/* End PBXVariantGroup section */

/* Begin XCBuildConfiguration section */
		6915DC09224BC0D400FD6738 /* Debug */ = {
			isa = XCBuildConfiguration;
			buildSettings = {
				ALWAYS_SEARCH_USER_PATHS = NO;
				CLANG_ANALYZER_NONNULL = YES;
				CLANG_ANALYZER_NUMBER_OBJECT_CONVERSION = YES_AGGRESSIVE;
				CLANG_CXX_LANGUAGE_STANDARD = "gnu++14";
				CLANG_CXX_LIBRARY = "libc++";
				CLANG_ENABLE_MODULES = YES;
				CLANG_ENABLE_OBJC_ARC = YES;
				CLANG_ENABLE_OBJC_WEAK = YES;
				CLANG_WARN_BLOCK_CAPTURE_AUTORELEASING = YES;
				CLANG_WARN_BOOL_CONVERSION = YES;
				CLANG_WARN_COMMA = YES;
				CLANG_WARN_CONSTANT_CONVERSION = YES;
				CLANG_WARN_DEPRECATED_OBJC_IMPLEMENTATIONS = YES;
				CLANG_WARN_DIRECT_OBJC_ISA_USAGE = YES_ERROR;
				CLANG_WARN_DOCUMENTATION_COMMENTS = YES;
				CLANG_WARN_EMPTY_BODY = YES;
				CLANG_WARN_ENUM_CONVERSION = YES;
				CLANG_WARN_INFINITE_RECURSION = YES;
				CLANG_WARN_INT_CONVERSION = YES;
				CLANG_WARN_NON_LITERAL_NULL_CONVERSION = YES;
				CLANG_WARN_OBJC_IMPLICIT_RETAIN_SELF = YES;
				CLANG_WARN_OBJC_LITERAL_CONVERSION = YES;
				CLANG_WARN_OBJC_ROOT_CLASS = YES_ERROR;
				CLANG_WARN_RANGE_LOOP_ANALYSIS = YES;
				CLANG_WARN_STRICT_PROTOTYPES = YES;
				CLANG_WARN_SUSPICIOUS_MOVE = YES;
				CLANG_WARN_UNGUARDED_AVAILABILITY = YES_AGGRESSIVE;
				CLANG_WARN_UNREACHABLE_CODE = YES;
				CLANG_WARN__DUPLICATE_METHOD_MATCH = YES;
				CODE_SIGN_IDENTITY = "iPhone Developer";
				COPY_PHASE_STRIP = NO;
				DEBUG_INFORMATION_FORMAT = dwarf;
				ENABLE_STRICT_OBJC_MSGSEND = YES;
				ENABLE_TESTABILITY = YES;
				GCC_C_LANGUAGE_STANDARD = gnu11;
				GCC_DYNAMIC_NO_PIC = NO;
				GCC_NO_COMMON_BLOCKS = YES;
				GCC_OPTIMIZATION_LEVEL = 0;
				GCC_PREPROCESSOR_DEFINITIONS = (
					"DEBUG=1",
					"$(inherited)",
				);
				GCC_WARN_64_TO_32_BIT_CONVERSION = YES;
				GCC_WARN_ABOUT_RETURN_TYPE = YES_ERROR;
				GCC_WARN_UNDECLARED_SELECTOR = YES;
				GCC_WARN_UNINITIALIZED_AUTOS = YES_AGGRESSIVE;
				GCC_WARN_UNUSED_FUNCTION = YES;
				GCC_WARN_UNUSED_VARIABLE = YES;
				IPHONEOS_DEPLOYMENT_TARGET = 12.1;
				MTL_ENABLE_DEBUG_INFO = INCLUDE_SOURCE;
				MTL_FAST_MATH = YES;
				ONLY_ACTIVE_ARCH = YES;
				SDKROOT = iphoneos;
			};
			name = Debug;
		};
		6915DC0A224BC0D400FD6738 /* Release */ = {
			isa = XCBuildConfiguration;
			buildSettings = {
				ALWAYS_SEARCH_USER_PATHS = NO;
				CLANG_ANALYZER_NONNULL = YES;
				CLANG_ANALYZER_NUMBER_OBJECT_CONVERSION = YES_AGGRESSIVE;
				CLANG_CXX_LANGUAGE_STANDARD = "gnu++14";
				CLANG_CXX_LIBRARY = "libc++";
				CLANG_ENABLE_MODULES = YES;
				CLANG_ENABLE_OBJC_ARC = YES;
				CLANG_ENABLE_OBJC_WEAK = YES;
				CLANG_WARN_BLOCK_CAPTURE_AUTORELEASING = YES;
				CLANG_WARN_BOOL_CONVERSION = YES;
				CLANG_WARN_COMMA = YES;
				CLANG_WARN_CONSTANT_CONVERSION = YES;
				CLANG_WARN_DEPRECATED_OBJC_IMPLEMENTATIONS = YES;
				CLANG_WARN_DIRECT_OBJC_ISA_USAGE = YES_ERROR;
				CLANG_WARN_DOCUMENTATION_COMMENTS = YES;
				CLANG_WARN_EMPTY_BODY = YES;
				CLANG_WARN_ENUM_CONVERSION = YES;
				CLANG_WARN_INFINITE_RECURSION = YES;
				CLANG_WARN_INT_CONVERSION = YES;
				CLANG_WARN_NON_LITERAL_NULL_CONVERSION = YES;
				CLANG_WARN_OBJC_IMPLICIT_RETAIN_SELF = YES;
				CLANG_WARN_OBJC_LITERAL_CONVERSION = YES;
				CLANG_WARN_OBJC_ROOT_CLASS = YES_ERROR;
				CLANG_WARN_RANGE_LOOP_ANALYSIS = YES;
				CLANG_WARN_STRICT_PROTOTYPES = YES;
				CLANG_WARN_SUSPICIOUS_MOVE = YES;
				CLANG_WARN_UNGUARDED_AVAILABILITY = YES_AGGRESSIVE;
				CLANG_WARN_UNREACHABLE_CODE = YES;
				CLANG_WARN__DUPLICATE_METHOD_MATCH = YES;
				CODE_SIGN_IDENTITY = "iPhone Developer";
				COPY_PHASE_STRIP = NO;
				DEBUG_INFORMATION_FORMAT = "dwarf-with-dsym";
				ENABLE_NS_ASSERTIONS = NO;
				ENABLE_STRICT_OBJC_MSGSEND = YES;
				GCC_C_LANGUAGE_STANDARD = gnu11;
				GCC_NO_COMMON_BLOCKS = YES;
				GCC_WARN_64_TO_32_BIT_CONVERSION = YES;
				GCC_WARN_ABOUT_RETURN_TYPE = YES_ERROR;
				GCC_WARN_UNDECLARED_SELECTOR = YES;
				GCC_WARN_UNINITIALIZED_AUTOS = YES_AGGRESSIVE;
				GCC_WARN_UNUSED_FUNCTION = YES;
				GCC_WARN_UNUSED_VARIABLE = YES;
				IPHONEOS_DEPLOYMENT_TARGET = 12.1;
				MTL_ENABLE_DEBUG_INFO = NO;
				MTL_FAST_MATH = YES;
				SDKROOT = iphoneos;
				VALIDATE_PRODUCT = YES;
			};
			name = Release;
		};
		6915DC0C224BC0D400FD6738 /* Debug */ = {
			isa = XCBuildConfiguration;
			baseConfigurationReference = EFC09546955FE5BDCCA73781 /* Pods-PhysicalTest.debug.xcconfig */;
			buildSettings = {
				ASSETCATALOG_COMPILER_APPICON_NAME = AppIcon;
				ASSETCATALOG_COMPILER_LAUNCHIMAGE_NAME = LaunchImage;
				CODE_SIGN_STYLE = Automatic;
				DEVELOPMENT_TEAM = 8KCZTK8E38;
				INFOPLIST_FILE = PhysicalTest/Info.plist;
				LD_RUNPATH_SEARCH_PATHS = (
					"$(inherited)",
					"@executable_path/Frameworks",
				);
				PRODUCT_BUNDLE_IDENTIFIER = com.jay.apple.CALayerTest;
				PRODUCT_NAME = "$(TARGET_NAME)";
				TARGETED_DEVICE_FAMILY = "1,2";
			};
			name = Debug;
		};
		6915DC0D224BC0D400FD6738 /* Release */ = {
			isa = XCBuildConfiguration;
			baseConfigurationReference = 2B423C479828EE9CCD473388 /* Pods-PhysicalTest.release.xcconfig */;
			buildSettings = {
				ASSETCATALOG_COMPILER_APPICON_NAME = AppIcon;
				ASSETCATALOG_COMPILER_LAUNCHIMAGE_NAME = LaunchImage;
				CODE_SIGN_STYLE = Automatic;
				DEVELOPMENT_TEAM = 8KCZTK8E38;
				INFOPLIST_FILE = PhysicalTest/Info.plist;
				LD_RUNPATH_SEARCH_PATHS = (
					"$(inherited)",
					"@executable_path/Frameworks",
				);
				PRODUCT_BUNDLE_IDENTIFIER = com.jay.apple.CALayerTest;
				PRODUCT_NAME = "$(TARGET_NAME)";
				TARGETED_DEVICE_FAMILY = "1,2";
			};
			name = Release;
		};
		6915DC0F224BC0D400FD6738 /* Debug */ = {
			isa = XCBuildConfiguration;
			buildSettings = {
				BUNDLE_LOADER = "$(TEST_HOST)";
				CODE_SIGN_STYLE = Automatic;
				DEVELOPMENT_TEAM = 8KCZTK8E38;
				INFOPLIST_FILE = PhysicalTestTests/Info.plist;
				LD_RUNPATH_SEARCH_PATHS = (
					"$(inherited)",
					"@executable_path/Frameworks",
					"@loader_path/Frameworks",
				);
				PRODUCT_BUNDLE_IDENTIFIER = com.jay.apple.PhysicalTestTests;
				PRODUCT_NAME = "$(TARGET_NAME)";
				TARGETED_DEVICE_FAMILY = "1,2";
				TEST_HOST = "$(BUILT_PRODUCTS_DIR)/PhysicalTest.app/PhysicalTest";
			};
			name = Debug;
		};
		6915DC10224BC0D400FD6738 /* Release */ = {
			isa = XCBuildConfiguration;
			buildSettings = {
				BUNDLE_LOADER = "$(TEST_HOST)";
				CODE_SIGN_STYLE = Automatic;
				DEVELOPMENT_TEAM = 8KCZTK8E38;
				INFOPLIST_FILE = PhysicalTestTests/Info.plist;
				LD_RUNPATH_SEARCH_PATHS = (
					"$(inherited)",
					"@executable_path/Frameworks",
					"@loader_path/Frameworks",
				);
				PRODUCT_BUNDLE_IDENTIFIER = com.jay.apple.PhysicalTestTests;
				PRODUCT_NAME = "$(TARGET_NAME)";
				TARGETED_DEVICE_FAMILY = "1,2";
				TEST_HOST = "$(BUILT_PRODUCTS_DIR)/PhysicalTest.app/PhysicalTest";
			};
			name = Release;
		};
		6915DC12224BC0D400FD6738 /* Debug */ = {
			isa = XCBuildConfiguration;
			buildSettings = {
				CODE_SIGN_STYLE = Automatic;
				DEVELOPMENT_TEAM = 8KCZTK8E38;
				INFOPLIST_FILE = PhysicalTestUITests/Info.plist;
				LD_RUNPATH_SEARCH_PATHS = (
					"$(inherited)",
					"@executable_path/Frameworks",
					"@loader_path/Frameworks",
				);
				PRODUCT_BUNDLE_IDENTIFIER = com.jay.apple.PhysicalTestUITests;
				PRODUCT_NAME = "$(TARGET_NAME)";
				TARGETED_DEVICE_FAMILY = "1,2";
				TEST_TARGET_NAME = PhysicalTest;
			};
			name = Debug;
		};
		6915DC13224BC0D400FD6738 /* Release */ = {
			isa = XCBuildConfiguration;
			buildSettings = {
				CODE_SIGN_STYLE = Automatic;
				DEVELOPMENT_TEAM = 8KCZTK8E38;
				INFOPLIST_FILE = PhysicalTestUITests/Info.plist;
				LD_RUNPATH_SEARCH_PATHS = (
					"$(inherited)",
					"@executable_path/Frameworks",
					"@loader_path/Frameworks",
				);
				PRODUCT_BUNDLE_IDENTIFIER = com.jay.apple.PhysicalTestUITests;
				PRODUCT_NAME = "$(TARGET_NAME)";
				TARGETED_DEVICE_FAMILY = "1,2";
				TEST_TARGET_NAME = PhysicalTest;
			};
			name = Release;
		};
/* End XCBuildConfiguration section */

/* Begin XCConfigurationList section */
		6915DBDA224BC0C600FD6738 /* Build configuration list for PBXProject "PhysicalTest" */ = {
			isa = XCConfigurationList;
			buildConfigurations = (
				6915DC09224BC0D400FD6738 /* Debug */,
				6915DC0A224BC0D400FD6738 /* Release */,
			);
			defaultConfigurationIsVisible = 0;
			defaultConfigurationName = Release;
		};
		6915DC0B224BC0D400FD6738 /* Build configuration list for PBXNativeTarget "PhysicalTest" */ = {
			isa = XCConfigurationList;
			buildConfigurations = (
				6915DC0C224BC0D400FD6738 /* Debug */,
				6915DC0D224BC0D400FD6738 /* Release */,
			);
			defaultConfigurationIsVisible = 0;
			defaultConfigurationName = Release;
		};
		6915DC0E224BC0D400FD6738 /* Build configuration list for PBXNativeTarget "PhysicalTestTests" */ = {
			isa = XCConfigurationList;
			buildConfigurations = (
				6915DC0F224BC0D400FD6738 /* Debug */,
				6915DC10224BC0D400FD6738 /* Release */,
			);
			defaultConfigurationIsVisible = 0;
			defaultConfigurationName = Release;
		};
		6915DC11224BC0D400FD6738 /* Build configuration list for PBXNativeTarget "PhysicalTestUITests" */ = {
			isa = XCConfigurationList;
			buildConfigurations = (
				6915DC12224BC0D400FD6738 /* Debug */,
				6915DC13224BC0D400FD6738 /* Release */,
			);
			defaultConfigurationIsVisible = 0;
			defaultConfigurationName = Release;
		};
/* End XCConfigurationList section */
	};
	rootObject = 6915DBD7224BC0C600FD6738 /* Project object */;
}
